{
  "name": "constructor-telegram-bots",
  "lockfileVersion": 3,
  "requires": true,
  "packages": {
    "": {
      "name": "constructor-telegram-bots",
      "dependencies": {
        "@types/bootstrap": "^5.2.9",
        "@types/qrcodejs": "^1.0.4",
        "bootstrap": "^5.3.2",
        "bootstrap-icons": "^1.11.1",
        "qrcodejs": "^1.0.0",
        "typescript": "^5.2.2"
      }
    },
    "node_modules/@popperjs/core": {
      "version": "2.11.8",
      "resolved": "https://registry.npmjs.org/@popperjs/core/-/core-2.11.8.tgz",
      "integrity": "sha512-P1st0aksCrn9sGZhp8GMYwBnQsbvAWsZAX44oXNNvLHGqAOcoVxmjZiohstwQ7SqKnbR47akdNi+uleWD8+g6A==",
      "funding": {
        "type": "opencollective",
        "url": "https://opencollective.com/popperjs"
      }
    },
    "node_modules/@types/bootstrap": {
      "version": "5.2.9",
      "resolved": "https://registry.npmjs.org/@types/bootstrap/-/bootstrap-5.2.9.tgz",
      "integrity": "sha512-Fcg4nORBKaVUAG4F0ePWcatWQVfr3NAT9XIN+hl1PaiAwb4tq55+iua9R3exsbB3yyfhyQlHYg2foTlW86J+RA==",
      "dependencies": {
        "@popperjs/core": "^2.9.2"
      }
    },
    "node_modules/@types/qrcodejs": {
      "version": "1.0.4",
      "resolved": "https://registry.npmjs.org/@types/qrcodejs/-/qrcodejs-1.0.4.tgz",
      "integrity": "sha512-beXPZlCp8TtY4zXl3gEx+vYJqrpcYZwKJ1faYd0zDrfZVj3vZGdTrRp2aAIXEkSTRSn549KGlS+8PvF+ZOaUBQ=="
    },
    "node_modules/bootstrap": {
      "version": "5.3.2",
      "resolved": "https://registry.npmjs.org/bootstrap/-/bootstrap-5.3.2.tgz",
      "integrity": "sha512-D32nmNWiQHo94BKHLmOrdjlL05q1c8oxbtBphQFb9Z5to6eGRDCm0QgeaZ4zFBHzfg2++rqa2JkqCcxDy0sH0g==",
      "funding": [
        {
          "type": "github",
          "url": "https://github.com/sponsors/twbs"
        },
        {
          "type": "opencollective",
          "url": "https://opencollective.com/bootstrap"
        }
      ],
      "peerDependencies": {
        "@popperjs/core": "^2.11.8"
      }
    },
    "node_modules/bootstrap-icons": {
      "version": "1.11.1",
      "resolved": "https://registry.npmjs.org/bootstrap-icons/-/bootstrap-icons-1.11.1.tgz",
      "integrity": "sha512-F0DDp7nKUX+x/QtpfRZ+XHFya60ng9nfdpdS59vDDfs4Uhuxp7zym/QavMsu/xx51txkoM9eVmpE7D08N35blw==",
      "funding": [
        {
          "type": "github",
          "url": "https://github.com/sponsors/twbs"
        },
        {
          "type": "opencollective",
          "url": "https://opencollective.com/bootstrap"
        }
      ]
    },
    "node_modules/qrcodejs": {
      "version": "1.0.0",
      "resolved": "https://registry.npmjs.org/qrcodejs/-/qrcodejs-1.0.0.tgz",
      "integrity": "sha512-67rj3mMBhSBepaD57qENnltO+r8rSYlqM7HGThks/BiyDAkc86sLvkKqjkqPS5v13f7tvnt6dbEf3qt7zq+BCg=="
    },
    "node_modules/typescript": {
      "version": "5.2.2",
      "resolved": "https://registry.npmjs.org/typescript/-/typescript-5.2.2.tgz",
      "integrity": "sha512-mI4WrpHsbCIcwT9cF4FZvr80QUeKvsUsUvKDoR+X/7XHQH98xYD8YHZg7ANtz2GtZt/CBq2QJ0thkGJMHfqc1w==",
      "bin": {
        "tsc": "bin/tsc",
        "tsserver": "bin/tsserver"
      },
      "engines": {
        "node": ">=14.17"
      }
    }
  }
}
