{
  "name": "Constructor-Telegram-Bots",
  "lockfileVersion": 3,
  "requires": true,
  "packages": {
    "": {
      "dependencies": {
        "@types/js-cookie": "^3.0.6",
        "cd": "^0.3.3"
      }
    },
    "node_modules/@types/js-cookie": {
      "version": "3.0.6",
      "resolved": "https://registry.npmjs.org/@types/js-cookie/-/js-cookie-3.0.6.tgz",
      "integrity": "sha512-wkw9yd1kEXOPnvEeEV1Go1MmxtBJL0RR79aOTAApecWFVu7w0NNXNqhcWgvw2YgZDYadliXkl14pa3WXw5jlCQ=="
    },
    "node_modules/cd": {
      "version": "0.3.3",
      "resolved": "https://registry.npmjs.org/cd/-/cd-0.3.3.tgz",
      "integrity": "sha512-X2y0Ssu48ucdkrNgCdg6k3EZWjWVy/dsEywUUTeZEIW31f3bQfq65Svm+TzU1Hz+qqhdmyCdjGhUvRsSKHl/mw==",
      "engines": {
        "node": "*"
      }
    }
  }
}
